// !$*UTF8*$!
{
	archiveVersion = 1;
	classes = {
	};
	objectVersion = 77;
	objects = {

/* Begin PBXBuildFile section */
		14CD9D7B2F010DFC00AA4EC0 /* jimeng-2025-12-27-8243.mp4 in Resources */ = {isa = PBXBuildFile; fileRef = 14CD9D792F010DFB00AA4EC0 /* jimeng-2025-12-27-8243.mp4 */; };
		14CD9D7E2F010E2B00AA4EC0 /* VideoPlayerHelper.swift in Sources */ = {isa = PBXBuildFile; fileRef = 14CD9D7C2F010E2B00AA4EC0 /* VideoPlayerHelper.swift */; };
		365CE1AD2F00DDF1006E7748 /* fortune_daruma_transition.mp4 in Resources */ = {isa = PBXBuildFile; fileRef = 365CE1AA2F00DDF1006E7748 /* fortune_daruma_transition.mp4 */; };
		365CE1AE2F00DDF1006E7748 /* fortune_container_to_answer.mp4 in Resources */ = {isa = PBXBuildFile; fileRef = 365CE1A92F00DDF1006E7748 /* fortune_container_to_answer.mp4 */; };
		365CE1AF2F00DDF1006E7748 /* fortune_shake_transition.mp4 in Resources */ = {isa = PBXBuildFile; fileRef = 365CE1AB2F00DDF1006E7748 /* fortune_shake_transition.mp4 */; };
		365CE1B22F00DE10006E7748 /* VideoPlayerView.swift in Sources */ = {isa = PBXBuildFile; fileRef = 365CE1B02F00DE10006E7748 /* VideoPlayerView.swift */; };
		36BA7BD22EFFCC0F0010AA6C /* CyberOracleData in Frameworks */ = {isa = PBXBuildFile; productRef = 36BA7BD12EFFCC0F0010AA6C /* CyberOracleData */; };
		36BA7BD42EFFCC0F0010AA6C /* CyberOracleDomain in Frameworks */ = {isa = PBXBuildFile; productRef = 36BA7BD32EFFCC0F0010AA6C /* CyberOracleDomain */; };
		36BA7C4C2EFFF1E70010AA6C /* ShakeDetector.swift in Sources */ = {isa = PBXBuildFile; fileRef = 36BA7C462EFFF1E70010AA6C /* ShakeDetector.swift */; };
		36BA7C4D2EFFF1E70010AA6C /* FortuneStickViewModel.swift in Sources */ = {isa = PBXBuildFile; fileRef = 36BA7C4A2EFFF1E70010AA6C /* FortuneStickViewModel.swift */; };
		36BA7C4E2EFFF1E70010AA6C /* DailyLuckViewModel.swift in Sources */ = {isa = PBXBuildFile; fileRef = 36BA7C482EFFF1E70010AA6C /* DailyLuckViewModel.swift */; };
		36BA7C4F2EFFF1E70010AA6C /* DecisionViewModel.swift in Sources */ = {isa = PBXBuildFile; fileRef = 36BA7C492EFFF1E70010AA6C /* DecisionViewModel.swift */; };
		36BA7C502EFFF1E70010AA6C /* HapticEngine.swift in Sources */ = {isa = PBXBuildFile; fileRef = 36BA7C442EFFF1E70010AA6C /* HapticEngine.swift */; };
/* End PBXBuildFile section */

/* Begin PBXFileReference section */
		14CD9D792F010DFB00AA4EC0 /* jimeng-2025-12-27-8243.mp4 */ = {isa = PBXFileReference; lastKnownFileType = file; path = "jimeng-2025-12-27-8243.mp4"; sourceTree = "<group>"; };
		14CD9D7C2F010E2B00AA4EC0 /* VideoPlayerHelper.swift */ = {isa = PBXFileReference; lastKnownFileType = sourcecode.swift; path = VideoPlayerHelper.swift; sourceTree = "<group>"; };
		365CE1A92F00DDF1006E7748 /* fortune_container_to_answer.mp4 */ = {isa = PBXFileReference; lastKnownFileType = file; path = fortune_container_to_answer.mp4; sourceTree = "<group>"; };
		365CE1AA2F00DDF1006E7748 /* fortune_daruma_transition.mp4 */ = {isa = PBXFileReference; lastKnownFileType = file; path = fortune_daruma_transition.mp4; sourceTree = "<group>"; };
		365CE1AB2F00DDF1006E7748 /* fortune_shake_transition.mp4 */ = {isa = PBXFileReference; lastKnownFileType = file; path = fortune_shake_transition.mp4; sourceTree = "<group>"; };
		365CE1B02F00DE10006E7748 /* VideoPlayerView.swift */ = {isa = PBXFileReference; lastKnownFileType = sourcecode.swift; path = VideoPlayerView.swift; sourceTree = "<group>"; };
		36BA7BBC2EFFCB210010AA6C /* CyberOracleWatch Watch App.app */ = {isa = PBXFileReference; explicitFileType = wrapper.application; includeInIndex = 0; path = "CyberOracleWatch Watch App.app"; sourceTree = BUILT_PRODUCTS_DIR; };
		36BA7C442EFFF1E70010AA6C /* HapticEngine.swift */ = {isa = PBXFileReference; lastKnownFileType = sourcecode.swift; path = HapticEngine.swift; sourceTree = "<group>"; };
		36BA7C462EFFF1E70010AA6C /* ShakeDetector.swift */ = {isa = PBXFileReference; lastKnownFileType = sourcecode.swift; path = ShakeDetector.swift; sourceTree = "<group>"; };
		36BA7C482EFFF1E70010AA6C /* DailyLuckViewModel.swift */ = {isa = PBXFileReference; lastKnownFileType = sourcecode.swift; path = DailyLuckViewModel.swift; sourceTree = "<group>"; };
		36BA7C492EFFF1E70010AA6C /* DecisionViewModel.swift */ = {isa = PBXFileReference; lastKnownFileType = sourcecode.swift; path = DecisionViewModel.swift; sourceTree = "<group>"; };
		36BA7C4A2EFFF1E70010AA6C /* FortuneStickViewModel.swift */ = {isa = PBXFileReference; lastKnownFileType = sourcecode.swift; path = FortuneStickViewModel.swift; sourceTree = "<group>"; };
/* End PBXFileReference section */

/* Begin PBXFileSystemSynchronizedBuildFileExceptionSet section */
		36BA7C0B2EFFE1640010AA6C /* Exceptions for "CyberOracleWatch Watch App" folder in "CyberOracleWatch Watch App" target */ = {
			isa = PBXFileSystemSynchronizedBuildFileExceptionSet;
			membershipExceptions = (
				Haptics/HapticEngine.swift,
				Motion/ShakeDetector.swift,
				ViewModels/DailyLuckViewModel.swift,
				ViewModels/DecisionViewModel.swift,
				ViewModels/FortuneStickViewModel.swift,
			);
			target = 36BA7BBB2EFFCB210010AA6C /* CyberOracleWatch Watch App */;
		};
/* End PBXFileSystemSynchronizedBuildFileExceptionSet section */

/* Begin PBXFileSystemSynchronizedRootGroup section */
		36BA7BC02EFFCB210010AA6C /* CyberOracleWatch Watch App */ = {
			isa = PBXFileSystemSynchronizedRootGroup;
			exceptions = (
				36BA7C0B2EFFE1640010AA6C /* Exceptions for "CyberOracleWatch Watch App" folder in "CyberOracleWatch Watch App" target */,
			);
			path = "CyberOracleWatch Watch App";
			sourceTree = "<group>";
		};
/* End PBXFileSystemSynchronizedRootGroup section */

/* Begin PBXFrameworksBuildPhase section */
		36BA7BB92EFFCB210010AA6C /* Frameworks */ = {
			isa = PBXFrameworksBuildPhase;
			buildActionMask = 2147483647;
			files = (
				36BA7BD42EFFCC0F0010AA6C /* CyberOracleDomain in Frameworks */,
				36BA7BD22EFFCC0F0010AA6C /* CyberOracleData in Frameworks */,
			);
			runOnlyForDeploymentPostprocessing = 0;
		};
/* End PBXFrameworksBuildPhase section */

/* Begin PBXGroup section */
		14CD9D7A2F010DFB00AA4EC0 /* Resources */ = {
			isa = PBXGroup;
			children = (
				365CE1AC2F00DDF1006E7748 /* Videos */,
				14CD9D792F010DFB00AA4EC0 /* jimeng-2025-12-27-8243.mp4 */,
			);
			name = Resources;
			path = "CyberOracleWatch Watch App/Resources";
			sourceTree = "<group>";
		};
		14CD9D7D2F010E2B00AA4EC0 /* Utilities */ = {
			isa = PBXGroup;
			children = (
				14CD9D7C2F010E2B00AA4EC0 /* VideoPlayerHelper.swift */,
			);
			name = Utilities;
			path = "CyberOracleWatch Watch App/Utilities";
			sourceTree = "<group>";
		};
		365CE1AC2F00DDF1006E7748 /* Videos */ = {
			isa = PBXGroup;
			children = (
				365CE1A92F00DDF1006E7748 /* fortune_container_to_answer.mp4 */,
				365CE1AA2F00DDF1006E7748 /* fortune_daruma_transition.mp4 */,
				365CE1AB2F00DDF1006E7748 /* fortune_shake_transition.mp4 */,
			);
			name = Videos;
			path = "CyberOracleWatch Watch App/Resources/Videos";
			sourceTree = "<group>";
		};
		365CE1B12F00DE10006E7748 /* Components */ = {
			isa = PBXGroup;
			children = (
				365CE1B02F00DE10006E7748 /* VideoPlayerView.swift */,
			);
			name = Components;
			path = "CyberOracleWatch Watch App/Components";
			sourceTree = "<group>";
		};
		36BA7BAF2EFFCB210010AA6C = {
			isa = PBXGroup;
			children = (
				365CE1B12F00DE10006E7748 /* Components */,
				14CD9D7D2F010E2B00AA4EC0 /* Utilities */,
				14CD9D7A2F010DFB00AA4EC0 /* Resources */,
				36BA7C452EFFF1E70010AA6C /* Haptics */,
				36BA7C472EFFF1E70010AA6C /* Motion */,
				36BA7C4B2EFFF1E70010AA6C /* ViewModels */,
				36BA7BC02EFFCB210010AA6C /* CyberOracleWatch Watch App */,
				36BA7BB72EFFCB210010AA6C /* Products */,
			);
			sourceTree = "<group>";
		};
		36BA7BB72EFFCB210010AA6C /* Products */ = {
			isa = PBXGroup;
			children = (
				36BA7BBC2EFFCB210010AA6C /* CyberOracleWatch Watch App.app */,
			);
			name = Products;
			sourceTree = "<group>";
		};
		36BA7C452EFFF1E70010AA6C /* Haptics */ = {
			isa = PBXGroup;
			children = (
				36BA7C442EFFF1E70010AA6C /* HapticEngine.swift */,
			);
			name = Haptics;
			path = "CyberOracleWatch Watch App/Haptics";
			sourceTree = "<group>";
		};
		36BA7C472EFFF1E70010AA6C /* Motion */ = {
			isa = PBXGroup;
			children = (
				36BA7C462EFFF1E70010AA6C /* ShakeDetector.swift */,
			);
			name = Motion;
			path = "CyberOracleWatch Watch App/Motion";
			sourceTree = "<group>";
		};
		36BA7C4B2EFFF1E70010AA6C /* ViewModels */ = {
			isa = PBXGroup;
			children = (
				36BA7C482EFFF1E70010AA6C /* DailyLuckViewModel.swift */,
				36BA7C492EFFF1E70010AA6C /* DecisionViewModel.swift */,
				36BA7C4A2EFFF1E70010AA6C /* FortuneStickViewModel.swift */,
			);
			name = ViewModels;
			path = "CyberOracleWatch Watch App/ViewModels";
			sourceTree = "<group>";
		};
/* End PBXGroup section */

/* Begin PBXNativeTarget section */
		36BA7BBB2EFFCB210010AA6C /* CyberOracleWatch Watch App */ = {
			isa = PBXNativeTarget;
			buildConfigurationList = 36BA7BC92EFFCB230010AA6C /* Build configuration list for PBXNativeTarget "CyberOracleWatch Watch App" */;
			buildPhases = (
				36BA7BB82EFFCB210010AA6C /* Sources */,
				36BA7BB92EFFCB210010AA6C /* Frameworks */,
				36BA7BBA2EFFCB210010AA6C /* Resources */,
			);
			buildRules = (
			);
			dependencies = (
			);
			fileSystemSynchronizedGroups = (
				36BA7BC02EFFCB210010AA6C /* CyberOracleWatch Watch App */,
			);
			name = "CyberOracleWatch Watch App";
			packageProductDependencies = (
				36BA7BD12EFFCC0F0010AA6C /* CyberOracleData */,
				36BA7BD32EFFCC0F0010AA6C /* CyberOracleDomain */,
			);
			productName = "CyberOracleWatch Watch App";
			productReference = 36BA7BBC2EFFCB210010AA6C /* CyberOracleWatch Watch App.app */;
			productType = "com.apple.product-type.application";
		};
/* End PBXNativeTarget section */

/* Begin PBXProject section */
		36BA7BB02EFFCB210010AA6C /* Project object */ = {
			isa = PBXProject;
			attributes = {
				BuildIndependentTargetsInParallel = 1;
				LastSwiftUpdateCheck = 2620;
				LastUpgradeCheck = 2620;
				TargetAttributes = {
					36BA7BBB2EFFCB210010AA6C = {
						CreatedOnToolsVersion = 26.2;
						LastSwiftMigration = 2620;
					};
				};
			};
			buildConfigurationList = 36BA7BB32EFFCB210010AA6C /* Build configuration list for PBXProject "CyberOracleWatch" */;
			developmentRegion = en;
			hasScannedForEncodings = 0;
			knownRegions = (
				en,
				Base,
			);
			mainGroup = 36BA7BAF2EFFCB210010AA6C;
			minimizedProjectReferenceProxies = 1;
			packageReferences = (
				36BA7BD02EFFCC0F0010AA6C /* XCLocalSwiftPackageReference "../../../packages/CyberOracleCore" */,
			);
			preferredProjectObjectVersion = 77;
			productRefGroup = 36BA7BB72EFFCB210010AA6C /* Products */;
			projectDirPath = "";
			projectRoot = "";
			targets = (
				36BA7BBB2EFFCB210010AA6C /* CyberOracleWatch Watch App */,
			);
		};
/* End PBXProject section */

/* Begin PBXResourcesBuildPhase section */
		36BA7BBA2EFFCB210010AA6C /* Resources */ = {
			isa = PBXResourcesBuildPhase;
			buildActionMask = 2147483647;
			files = (
				14CD9D7B2F010DFC00AA4EC0 /* jimeng-2025-12-27-8243.mp4 in Resources */,
				365CE1AD2F00DDF1006E7748 /* fortune_daruma_transition.mp4 in Resources */,
				365CE1AE2F00DDF1006E7748 /* fortune_container_to_answer.mp4 in Resources */,
				365CE1AF2F00DDF1006E7748 /* fortune_shake_transition.mp4 in Resources */,
			);
			runOnlyForDeploymentPostprocessing = 0;
		};
/* End PBXResourcesBuildPhase section */

/* Begin PBXSourcesBuildPhase section */
		36BA7BB82EFFCB210010AA6C /* Sources */ = {
			isa = PBXSourcesBuildPhase;
			buildActionMask = 2147483647;
			files = (
				36BA7C4C2EFFF1E70010AA6C /* ShakeDetector.swift in Sources */,
				36BA7C4D2EFFF1E70010AA6C /* FortuneStickViewModel.swift in Sources */,
				14CD9D7E2F010E2B00AA4EC0 /* VideoPlayerHelper.swift in Sources */,
				36BA7C4E2EFFF1E70010AA6C /* DailyLuckViewModel.swift in Sources */,
				36BA7C4F2EFFF1E70010AA6C /* DecisionViewModel.swift in Sources */,
				36BA7C502EFFF1E70010AA6C /* HapticEngine.swift in Sources */,
				365CE1B22F00DE10006E7748 /* VideoPlayerView.swift in Sources */,
			);
			runOnlyForDeploymentPostprocessing = 0;
		};
/* End PBXSourcesBuildPhase section */

/* Begin XCBuildConfiguration section */
		36BA7BC72EFFCB230010AA6C /* Debug */ = {
			isa = XCBuildConfiguration;
			buildSettings = {
				ALWAYS_SEARCH_USER_PATHS = NO;
				ASSETCATALOG_COMPILER_GENERATE_SWIFT_ASSET_SYMBOL_EXTENSIONS = YES;
				CLANG_ANALYZER_NONNULL = YES;
				CLANG_ANALYZER_NUMBER_OBJECT_CONVERSION = YES_AGGRESSIVE;
				CLANG_CXX_LANGUAGE_STANDARD = "gnu++20";
				CLANG_ENABLE_MODULES = YES;
				CLANG_ENABLE_OBJC_ARC = YES;
				CLANG_ENABLE_OBJC_WEAK = YES;
				CLANG_WARN_BLOCK_CAPTURE_AUTORELEASING = YES;
				CLANG_WARN_BOOL_CONVERSION = YES;
				CLANG_WARN_COMMA = YES;
				CLANG_WARN_CONSTANT_CONVERSION = YES;
				CLANG_WARN_DEPRECATED_OBJC_IMPLEMENTATIONS = YES;
				CLANG_WARN_DIRECT_OBJC_ISA_USAGE = YES_ERROR;
				CLANG_WARN_DOCUMENTATION_COMMENTS = YES;
				CLANG_WARN_EMPTY_BODY = YES;
				CLANG_WARN_ENUM_CONVERSION = YES;
				CLANG_WARN_INFINITE_RECURSION = YES;
				CLANG_WARN_INT_CONVERSION = YES;
				CLANG_WARN_NON_LITERAL_NULL_CONVERSION = YES;
				CLANG_WARN_OBJC_IMPLICIT_RETAIN_SELF = YES;
				CLANG_WARN_OBJC_LITERAL_CONVERSION = YES;
				CLANG_WARN_OBJC_ROOT_CLASS = YES_ERROR;
				CLANG_WARN_QUOTED_INCLUDE_IN_FRAMEWORK_HEADER = YES;
				CLANG_WARN_RANGE_LOOP_ANALYSIS = YES;
				CLANG_WARN_STRICT_PROTOTYPES = YES;
				CLANG_WARN_SUSPICIOUS_MOVE = YES;
				CLANG_WARN_UNGUARDED_AVAILABILITY = YES_AGGRESSIVE;
				CLANG_WARN_UNREACHABLE_CODE = YES;
				CLANG_WARN__DUPLICATE_METHOD_MATCH = YES;
				COPY_PHASE_STRIP = NO;
				DEBUG_INFORMATION_FORMAT = dwarf;
				ENABLE_STRICT_OBJC_MSGSEND = YES;
				ENABLE_TESTABILITY = YES;
				ENABLE_USER_SCRIPT_SANDBOXING = YES;
				GCC_C_LANGUAGE_STANDARD = gnu17;
				GCC_DYNAMIC_NO_PIC = NO;
				GCC_NO_COMMON_BLOCKS = YES;
				GCC_OPTIMIZATION_LEVEL = 0;
				GCC_PREPROCESSOR_DEFINITIONS = (
					"DEBUG=1",
					"$(inherited)",
				);
				GCC_WARN_64_TO_32_BIT_CONVERSION = YES;
				GCC_WARN_ABOUT_RETURN_TYPE = YES_ERROR;
				GCC_WARN_UNDECLARED_SELECTOR = YES;
				GCC_WARN_UNINITIALIZED_AUTOS = YES_AGGRESSIVE;
				GCC_WARN_UNUSED_FUNCTION = YES;
				GCC_WARN_UNUSED_VARIABLE = YES;
				LOCALIZATION_PREFERS_STRING_CATALOGS = YES;
				MTL_ENABLE_DEBUG_INFO = INCLUDE_SOURCE;
				MTL_FAST_MATH = YES;
				ONLY_ACTIVE_ARCH = YES;
				SWIFT_ACTIVE_COMPILATION_CONDITIONS = "DEBUG $(inherited)";
				SWIFT_OPTIMIZATION_LEVEL = "-Onone";
			};
			name = Debug;
		};
		36BA7BC82EFFCB230010AA6C /* Release */ = {
			isa = XCBuildConfiguration;
			buildSettings = {
				ALWAYS_SEARCH_USER_PATHS = NO;
				ASSETCATALOG_COMPILER_GENERATE_SWIFT_ASSET_SYMBOL_EXTENSIONS = YES;
				CLANG_ANALYZER_NONNULL = YES;
				CLANG_ANALYZER_NUMBER_OBJECT_CONVERSION = YES_AGGRESSIVE;
				CLANG_CXX_LANGUAGE_STANDARD = "gnu++20";
				CLANG_ENABLE_MODULES = YES;
				CLANG_ENABLE_OBJC_ARC = YES;
				CLANG_ENABLE_OBJC_WEAK = YES;
				CLANG_WARN_BLOCK_CAPTURE_AUTORELEASING = YES;
				CLANG_WARN_BOOL_CONVERSION = YES;
				CLANG_WARN_COMMA = YES;
				CLANG_WARN_CONSTANT_CONVERSION = YES;
				CLANG_WARN_DEPRECATED_OBJC_IMPLEMENTATIONS = YES;
				CLANG_WARN_DIRECT_OBJC_ISA_USAGE = YES_ERROR;
				CLANG_WARN_DOCUMENTATION_COMMENTS = YES;
				CLANG_WARN_EMPTY_BODY = YES;
				CLANG_WARN_ENUM_CONVERSION = YES;
				CLANG_WARN_INFINITE_RECURSION = YES;
				CLANG_WARN_INT_CONVERSION = YES;
				CLANG_WARN_NON_LITERAL_NULL_CONVERSION = YES;
				CLANG_WARN_OBJC_IMPLICIT_RETAIN_SELF = YES;
				CLANG_WARN_OBJC_LITERAL_CONVERSION = YES;
				CLANG_WARN_OBJC_ROOT_CLASS = YES_ERROR;
				CLANG_WARN_QUOTED_INCLUDE_IN_FRAMEWORK_HEADER = YES;
				CLANG_WARN_RANGE_LOOP_ANALYSIS = YES;
				CLANG_WARN_STRICT_PROTOTYPES = YES;
				CLANG_WARN_SUSPICIOUS_MOVE = YES;
				CLANG_WARN_UNGUARDED_AVAILABILITY = YES_AGGRESSIVE;
				CLANG_WARN_UNREACHABLE_CODE = YES;
				CLANG_WARN__DUPLICATE_METHOD_MATCH = YES;
				COPY_PHASE_STRIP = NO;
				DEBUG_INFORMATION_FORMAT = "dwarf-with-dsym";
				ENABLE_NS_ASSERTIONS = NO;
				ENABLE_STRICT_OBJC_MSGSEND = YES;
				ENABLE_USER_SCRIPT_SANDBOXING = YES;
				GCC_C_LANGUAGE_STANDARD = gnu17;
				GCC_NO_COMMON_BLOCKS = YES;
				GCC_WARN_64_TO_32_BIT_CONVERSION = YES;
				GCC_WARN_ABOUT_RETURN_TYPE = YES_ERROR;
				GCC_WARN_UNDECLARED_SELECTOR = YES;
				GCC_WARN_UNINITIALIZED_AUTOS = YES_AGGRESSIVE;
				GCC_WARN_UNUSED_FUNCTION = YES;
				GCC_WARN_UNUSED_VARIABLE = YES;
				LOCALIZATION_PREFERS_STRING_CATALOGS = YES;
				MTL_ENABLE_DEBUG_INFO = NO;
				MTL_FAST_MATH = YES;
				SWIFT_COMPILATION_MODE = wholemodule;
			};
			name = Release;
		};
		36BA7BCA2EFFCB230010AA6C /* Debug */ = {
			isa = XCBuildConfiguration;
			buildSettings = {
				ASSETCATALOG_COMPILER_APPICON_NAME = AppIcon;
				ASSETCATALOG_COMPILER_GLOBAL_ACCENT_COLOR_NAME = AccentColor;
				CLANG_ENABLE_MODULES = YES;
				CODE_SIGN_STYLE = Automatic;
				CURRENT_PROJECT_VERSION = 1;
				ENABLE_PREVIEWS = YES;
				GENERATE_INFOPLIST_FILE = YES;
				INFOPLIST_KEY_CFBundleDisplayName = CyberOracleWatch;
				INFOPLIST_KEY_UISupportedInterfaceOrientations = "UIInterfaceOrientationPortrait UIInterfaceOrientationPortraitUpsideDown";
				INFOPLIST_KEY_WKWatchOnly = YES;
				LD_RUNPATH_SEARCH_PATHS = (
					"$(inherited)",
					"@executable_path/Frameworks",
				);
				MARKETING_VERSION = 1.0;
				PRODUCT_BUNDLE_IDENTIFIER = ZTStudio.CyberOracleWatch;
				PRODUCT_NAME = "$(TARGET_NAME)";
				SDKROOT = watchos;
				SKIP_INSTALL = YES;
				STRING_CATALOG_GENERATE_SYMBOLS = YES;
				SWIFT_APPROACHABLE_CONCURRENCY = YES;
				SWIFT_DEFAULT_ACTOR_ISOLATION = MainActor;
				SWIFT_EMIT_LOC_STRINGS = YES;
				SWIFT_OBJC_BRIDGING_HEADER = "CyberOracleWatch Watch App/CyberOracleWatch Watch App-Bridging-Header.h";
				SWIFT_OPTIMIZATION_LEVEL = "-Onone";
				SWIFT_UPCOMING_FEATURE_MEMBER_IMPORT_VISIBILITY = YES;
				SWIFT_VERSION = 5.0;
				TARGETED_DEVICE_FAMILY = 4;
				WATCHOS_DEPLOYMENT_TARGET = 26.2;
			};
			name = Debug;
		};
		36BA7BCB2EFFCB230010AA6C /* Release */ = {
			isa = XCBuildConfiguration;
			buildSettings = {
				ASSETCATALOG_COMPILER_APPICON_NAME = AppIcon;
				ASSETCATALOG_COMPILER_GLOBAL_ACCENT_COLOR_NAME = AccentColor;
				CLANG_ENABLE_MODULES = YES;
				CODE_SIGN_STYLE = Automatic;
				CURRENT_PROJECT_VERSION = 1;
				ENABLE_PREVIEWS = YES;
				GENERATE_INFOPLIST_FILE = YES;
				INFOPLIST_KEY_CFBundleDisplayName = CyberOracleWatch;
				INFOPLIST_KEY_UISupportedInterfaceOrientations = "UIInterfaceOrientationPortrait UIInterfaceOrientationPortraitUpsideDown";
				INFOPLIST_KEY_WKWatchOnly = YES;
				LD_RUNPATH_SEARCH_PATHS = (
					"$(inherited)",
					"@executable_path/Frameworks",
				);
				MARKETING_VERSION = 1.0;
				PRODUCT_BUNDLE_IDENTIFIER = ZTStudio.CyberOracleWatch;
				PRODUCT_NAME = "$(TARGET_NAME)";
				SDKROOT = watchos;
				SKIP_INSTALL = YES;
				STRING_CATALOG_GENERATE_SYMBOLS = YES;
				SWIFT_APPROACHABLE_CONCURRENCY = YES;
				SWIFT_DEFAULT_ACTOR_ISOLATION = MainActor;
				SWIFT_EMIT_LOC_STRINGS = YES;
				SWIFT_OBJC_BRIDGING_HEADER = "CyberOracleWatch Watch App/CyberOracleWatch Watch App-Bridging-Header.h";
				SWIFT_UPCOMING_FEATURE_MEMBER_IMPORT_VISIBILITY = YES;
				SWIFT_VERSION = 5.0;
				TARGETED_DEVICE_FAMILY = 4;
				VALIDATE_PRODUCT = YES;
				WATCHOS_DEPLOYMENT_TARGET = 26.2;
			};
			name = Release;
		};
/* End XCBuildConfiguration section */

/* Begin XCConfigurationList section */
		36BA7BB32EFFCB210010AA6C /* Build configuration list for PBXProject "CyberOracleWatch" */ = {
			isa = XCConfigurationList;
			buildConfigurations = (
				36BA7BC72EFFCB230010AA6C /* Debug */,
				36BA7BC82EFFCB230010AA6C /* Release */,
			);
			defaultConfigurationIsVisible = 0;
			defaultConfigurationName = Release;
		};
		36BA7BC92EFFCB230010AA6C /* Build configuration list for PBXNativeTarget "CyberOracleWatch Watch App" */ = {
			isa = XCConfigurationList;
			buildConfigurations = (
				36BA7BCA2EFFCB230010AA6C /* Debug */,
				36BA7BCB2EFFCB230010AA6C /* Release */,
			);
			defaultConfigurationIsVisible = 0;
			defaultConfigurationName = Release;
		};
/* End XCConfigurationList section */

/* Begin XCLocalSwiftPackageReference section */
		36BA7BD02EFFCC0F0010AA6C /* XCLocalSwiftPackageReference "../../../packages/CyberOracleCore" */ = {
			isa = XCLocalSwiftPackageReference;
			relativePath = ../../../packages/CyberOracleCore;
		};
/* End XCLocalSwiftPackageReference section */

/* Begin XCSwiftPackageProductDependency section */
		36BA7BD12EFFCC0F0010AA6C /* CyberOracleData */ = {
			isa = XCSwiftPackageProductDependency;
			productName = CyberOracleData;
		};
		36BA7BD32EFFCC0F0010AA6C /* CyberOracleDomain */ = {
			isa = XCSwiftPackageProductDependency;
			productName = CyberOracleDomain;
		};
/* End XCSwiftPackageProductDependency section */
	};
	rootObject = 36BA7BB02EFFCB210010AA6C /* Project object */;
}
